
Microsoft Visual Studio Solution File, Format Version 12.00
# Visual Studio 15
VisualStudioVersion = 15.0.26430.15
MinimumVisualStudioVersion = 10.0.40219.1
Project("{FAE04EC0-301F-11D3-BF4B-00C04F79EFBC}") = "Examples01", "Examples01\Examples01.csproj", "{91099388-B7CC-4B3F-A1D1-49EE802C37BC}"
EndProject
Project("{FAE04EC0-301F-11D3-BF4B-00C04F79EFBC}") = "Example02", "..\Example02\Example02.csproj", "{26548B4C-E6A2-430E-9007-AB48849CC11B}"
EndProject
Project("{FAE04EC0-301F-11D3-BF4B-00C04F79EFBC}") = "PokemonLibrary", "..\..\Repo\PokemonLibrary\PokemonLibrary\PokemonLibrary.csproj", "{2F2258B8-E63B-4C25-8D06-89F825744718}"
EndProject
Global
	GlobalSection(SolutionConfigurationPlatforms) = preSolution
		Debug|Any CPU = Debug|Any CPU
		Release|Any CPU = Release|Any CPU
	EndGlobalSection
	GlobalSection(ProjectConfigurationPlatforms) = postSolution
		{91099388-B7CC-4B3F-A1D1-49EE802C37BC}.Debug|Any CPU.ActiveCfg = Debug|Any CPU
		{91099388-B7CC-4B3F-A1D1-49EE802C37BC}.Debug|Any CPU.Build.0 = Debug|Any CPU
		{91099388-B7CC-4B3F-A1D1-49EE802C37BC}.Release|Any CPU.ActiveCfg = Release|Any CPU
		{91099388-B7CC-4B3F-A1D1-49EE802C37BC}.Release|Any CPU.Build.0 = Release|Any CPU
		{26548B4C-E6A2-430E-9007-AB48849CC11B}.Debug|Any CPU.ActiveCfg = Debug|Any CPU
		{26548B4C-E6A2-430E-9007-AB48849CC11B}.Debug|Any CPU.Build.0 = Debug|Any CPU
		{26548B4C-E6A2-430E-9007-AB48849CC11B}.Release|Any CPU.ActiveCfg = Release|Any CPU
		{26548B4C-E6A2-430E-9007-AB48849CC11B}.Release|Any CPU.Build.0 = Release|Any CPU
		{2F2258B8-E63B-4C25-8D06-89F825744718}.Debug|Any CPU.ActiveCfg = Debug|Any CPU
		{2F2258B8-E63B-4C25-8D06-89F825744718}.Debug|Any CPU.Build.0 = Debug|Any CPU
		{2F2258B8-E63B-4C25-8D06-89F825744718}.Release|Any CPU.ActiveCfg = Release|Any CPU
		{2F2258B8-E63B-4C25-8D06-89F825744718}.Release|Any CPU.Build.0 = Release|Any CPU
	EndGlobalSection
	GlobalSection(SolutionProperties) = preSolution
		HideSolutionNode = FALSE
	EndGlobalSection
EndGlobal
